
Microsoft Visual Studio Solution File, Format Version 12.00
# Visual Studio 15
VisualStudioVersion = 15.0.27130.2020
MinimumVisualStudioVersion = 10.0.40219.1
Project("{FAE04EC0-301F-11D3-BF4B-00C04F79EFBC}") = "Lab2.3", "Lab2.3\Lab2.3.csproj", "{23EE209E-7AA0-431D-A9B5-995361160FB0}"
EndProject
Global
	GlobalSection(SolutionConfigurationPlatforms) = preSolution
		Debug|Any CPU = Debug|Any CPU
		Release|Any CPU = Release|Any CPU
	EndGlobalSection
	GlobalSection(ProjectConfigurationPlatforms) = postSolution
		{23EE209E-7AA0-431D-A9B5-995361160FB0}.Debug|Any CPU.ActiveCfg = Debug|Any CPU
		{23EE209E-7AA0-431D-A9B5-995361160FB0}.Debug|Any CPU.Build.0 = Debug|Any CPU
		{23EE209E-7AA0-431D-A9B5-995361160FB0}.Release|Any CPU.ActiveCfg = Release|Any CPU
		{23EE209E-7AA0-431D-A9B5-995361160FB0}.Release|Any CPU.Build.0 = Release|Any CPU
	EndGlobalSection
	GlobalSection(SolutionProperties) = preSolution
		HideSolutionNode = FALSE
	EndGlobalSection
	GlobalSection(ExtensibilityGlobals) = postSolution
		SolutionGuid = {E50585F9-86AB-4571-8C76-91E2D51A3B91}
	EndGlobalSection
EndGlobal
