
Microsoft Visual Studio Solution File, Format Version 12.00
# Visual Studio 15
VisualStudioVersion = 15.0.27130.2020
MinimumVisualStudioVersion = 10.0.40219.1
Project("{FAE04EC0-301F-11D3-BF4B-00C04F79EFBC}") = "LAB11", "LAB11\LAB11.csproj", "{F96F71E7-2D66-4C7D-899C-1CE5DB90E17B}"
EndProject
Global
	GlobalSection(SolutionConfigurationPlatforms) = preSolution
		Debug|Any CPU = Debug|Any CPU
		Release|Any CPU = Release|Any CPU
	EndGlobalSection
	GlobalSection(ProjectConfigurationPlatforms) = postSolution
		{F96F71E7-2D66-4C7D-899C-1CE5DB90E17B}.Debug|Any CPU.ActiveCfg = Debug|Any CPU
		{F96F71E7-2D66-4C7D-899C-1CE5DB90E17B}.Debug|Any CPU.Build.0 = Debug|Any CPU
		{F96F71E7-2D66-4C7D-899C-1CE5DB90E17B}.Release|Any CPU.ActiveCfg = Release|Any CPU
		{F96F71E7-2D66-4C7D-899C-1CE5DB90E17B}.Release|Any CPU.Build.0 = Release|Any CPU
	EndGlobalSection
	GlobalSection(SolutionProperties) = preSolution
		HideSolutionNode = FALSE
	EndGlobalSection
	GlobalSection(ExtensibilityGlobals) = postSolution
		SolutionGuid = {0E74E126-777E-4BCD-9CD8-723A87C0E2A5}
	EndGlobalSection
EndGlobal
