
Microsoft Visual Studio Solution File, Format Version 12.00
# Visual Studio 15
VisualStudioVersion = 15.0.27130.2020
MinimumVisualStudioVersion = 10.0.40219.1
Project("{FAE04EC0-301F-11D3-BF4B-00C04F79EFBC}") = "PaintExample1", "PaintExample1\PaintExample1.csproj", "{31E39E48-EC3A-4303-AA66-2D76808A3A5E}"
EndProject
Project("{FAE04EC0-301F-11D3-BF4B-00C04F79EFBC}") = "PaintExample2", "PaintExample2\PaintExample2.csproj", "{AC3E31F0-BDEC-4CFC-9E03-7C7170E14DD8}"
EndProject
Project("{FAE04EC0-301F-11D3-BF4B-00C04F79EFBC}") = "PaintExample3", "PaintExample3\PaintExample3.csproj", "{6E9F4DB1-711F-4D63-845F-B2A2F54CA284}"
EndProject
Global
	GlobalSection(SolutionConfigurationPlatforms) = preSolution
		Debug|Any CPU = Debug|Any CPU
		Release|Any CPU = Release|Any CPU
	EndGlobalSection
	GlobalSection(ProjectConfigurationPlatforms) = postSolution
		{31E39E48-EC3A-4303-AA66-2D76808A3A5E}.Debug|Any CPU.ActiveCfg = Debug|Any CPU
		{31E39E48-EC3A-4303-AA66-2D76808A3A5E}.Debug|Any CPU.Build.0 = Debug|Any CPU
		{31E39E48-EC3A-4303-AA66-2D76808A3A5E}.Release|Any CPU.ActiveCfg = Release|Any CPU
		{31E39E48-EC3A-4303-AA66-2D76808A3A5E}.Release|Any CPU.Build.0 = Release|Any CPU
		{AC3E31F0-BDEC-4CFC-9E03-7C7170E14DD8}.Debug|Any CPU.ActiveCfg = Debug|Any CPU
		{AC3E31F0-BDEC-4CFC-9E03-7C7170E14DD8}.Debug|Any CPU.Build.0 = Debug|Any CPU
		{AC3E31F0-BDEC-4CFC-9E03-7C7170E14DD8}.Release|Any CPU.ActiveCfg = Release|Any CPU
		{AC3E31F0-BDEC-4CFC-9E03-7C7170E14DD8}.Release|Any CPU.Build.0 = Release|Any CPU
		{6E9F4DB1-711F-4D63-845F-B2A2F54CA284}.Debug|Any CPU.ActiveCfg = Debug|Any CPU
		{6E9F4DB1-711F-4D63-845F-B2A2F54CA284}.Debug|Any CPU.Build.0 = Debug|Any CPU
		{6E9F4DB1-711F-4D63-845F-B2A2F54CA284}.Release|Any CPU.ActiveCfg = Release|Any CPU
		{6E9F4DB1-711F-4D63-845F-B2A2F54CA284}.Release|Any CPU.Build.0 = Release|Any CPU
	EndGlobalSection
	GlobalSection(SolutionProperties) = preSolution
		HideSolutionNode = FALSE
	EndGlobalSection
	GlobalSection(ExtensibilityGlobals) = postSolution
		SolutionGuid = {76036709-86EF-4EFC-8853-2D50779B3867}
	EndGlobalSection
EndGlobal
