
Microsoft Visual Studio Solution File, Format Version 12.00
# Visual Studio 15
VisualStudioVersion = 15.0.27130.2020
MinimumVisualStudioVersion = 10.0.40219.1
Project("{FAE04EC0-301F-11D3-BF4B-00C04F79EFBC}") = "Lab2.2", "Lab2.2\Lab2.2.csproj", "{A3967557-FD02-46DD-AF78-8A6F1DFF303D}"
EndProject
Global
	GlobalSection(SolutionConfigurationPlatforms) = preSolution
		Debug|Any CPU = Debug|Any CPU
		Release|Any CPU = Release|Any CPU
	EndGlobalSection
	GlobalSection(ProjectConfigurationPlatforms) = postSolution
		{A3967557-FD02-46DD-AF78-8A6F1DFF303D}.Debug|Any CPU.ActiveCfg = Debug|Any CPU
		{A3967557-FD02-46DD-AF78-8A6F1DFF303D}.Debug|Any CPU.Build.0 = Debug|Any CPU
		{A3967557-FD02-46DD-AF78-8A6F1DFF303D}.Release|Any CPU.ActiveCfg = Release|Any CPU
		{A3967557-FD02-46DD-AF78-8A6F1DFF303D}.Release|Any CPU.Build.0 = Release|Any CPU
	EndGlobalSection
	GlobalSection(SolutionProperties) = preSolution
		HideSolutionNode = FALSE
	EndGlobalSection
	GlobalSection(ExtensibilityGlobals) = postSolution
		SolutionGuid = {355CB950-BD02-4037-A042-D4EC4CD60DB6}
	EndGlobalSection
EndGlobal
