
Microsoft Visual Studio Solution File, Format Version 12.00
# Visual Studio 15
VisualStudioVersion = 15.0.27130.2020
MinimumVisualStudioVersion = 10.0.40219.1
Project("{FAE04EC0-301F-11D3-BF4B-00C04F79EFBC}") = "LAB3", "LAB3\LAB3.csproj", "{DA38FAE9-5184-4991-8F2C-C42EC9C2507A}"
EndProject
Global
	GlobalSection(SolutionConfigurationPlatforms) = preSolution
		Debug|Any CPU = Debug|Any CPU
		Release|Any CPU = Release|Any CPU
	EndGlobalSection
	GlobalSection(ProjectConfigurationPlatforms) = postSolution
		{DA38FAE9-5184-4991-8F2C-C42EC9C2507A}.Debug|Any CPU.ActiveCfg = Debug|Any CPU
		{DA38FAE9-5184-4991-8F2C-C42EC9C2507A}.Debug|Any CPU.Build.0 = Debug|Any CPU
		{DA38FAE9-5184-4991-8F2C-C42EC9C2507A}.Release|Any CPU.ActiveCfg = Release|Any CPU
		{DA38FAE9-5184-4991-8F2C-C42EC9C2507A}.Release|Any CPU.Build.0 = Release|Any CPU
	EndGlobalSection
	GlobalSection(SolutionProperties) = preSolution
		HideSolutionNode = FALSE
	EndGlobalSection
	GlobalSection(ExtensibilityGlobals) = postSolution
		SolutionGuid = {CB981AAE-B512-477A-A213-9E9B02419ACF}
	EndGlobalSection
EndGlobal
